<Solution>
  <Folder Name="/src/">
    <Project Path="src/RecipeScraper.Api/RecipeScraper.Api.csproj" />
    <Project Path="src/RecipeScraper.Core/RecipeScraper.Core.csproj" />
    <Project Path="src/RecipeScraper.Infrastructure/RecipeScraper.Infrastructure.csproj" />
  </Folder>
  <Folder Name="/test/">
    <Project Path="test/RecipeScraper.Tests/RecipeScraper.Tests.csproj" />
  </Folder>
</Solution>
